Microsoft Visual Studio Solution File, Format Version 12.00
# Visual Studio Version 17
VisualStudioVersion = 17.5.2.0
MinimumVisualStudioVersion = 10.0.40219.1
Project("{FAE04EC0-301F-11D3-BF4B-00C04F79EFBC}") = "TwitchSummonSystem", "TwitchSummonSystem.csproj", "{D2C78311-542C-29CE-FF3F-C90C0F459DB4}"
EndProject
Global
	GlobalSection(SolutionConfigurationPlatforms) = preSolution
		Debug|Any CPU = Debug|Any CPU
		Release|Any CPU = Release|Any CPU
	EndGlobalSection
	GlobalSection(ProjectConfigurationPlatforms) = postSolution
		{D2C78311-542C-29CE-FF3F-C90C0F459DB4}.Debug|Any CPU.ActiveCfg = Debug|Any CPU
		{D2C78311-542C-29CE-FF3F-C90C0F459DB4}.Debug|Any CPU.Build.0 = Debug|Any CPU
		{D2C78311-542C-29CE-FF3F-C90C0F459DB4}.Release|Any CPU.ActiveCfg = Release|Any CPU
		{D2C78311-542C-29CE-FF3F-C90C0F459DB4}.Release|Any CPU.Build.0 = Release|Any CPU
	EndGlobalSection
	GlobalSection(SolutionProperties) = preSolution
		HideSolutionNode = FALSE
	EndGlobalSection
	GlobalSection(ExtensibilityGlobals) = postSolution
		SolutionGuid = {D98EDF97-440C-4BA1-83FE-34293D6E0E74}
	EndGlobalSection
EndGlobal
